// !$*UTF8*$!
{
	archiveVersion = 1;
	classes = {
	};
	objectVersion = 48;
	objects = {

/* Begin PBXBuildFile section */
		B4E06890729BA5A7828B6EAF /* Pods_HeadyTest.framework in Frameworks */ = {isa = PBXBuildFile; fileRef = E683EA86EDAD491D5DF52509 /* Pods_HeadyTest.framework */; };
		B559D50B1FDFFC79001E205E /* AppDelegate.swift in Sources */ = {isa = PBXBuildFile; fileRef = B559D50A1FDFFC79001E205E /* AppDelegate.swift */; };
		B559D50D1FDFFC79001E205E /* WelcomeViewController.swift in Sources */ = {isa = PBXBuildFile; fileRef = B559D50C1FDFFC79001E205E /* WelcomeViewController.swift */; };
		B559D5101FDFFC79001E205E /* Main.storyboard in Resources */ = {isa = PBXBuildFile; fileRef = B559D50E1FDFFC79001E205E /* Main.storyboard */; };
		B559D5131FDFFC79001E205E /* HeadyTest.xcdatamodeld in Sources */ = {isa = PBXBuildFile; fileRef = B559D5111FDFFC79001E205E /* HeadyTest.xcdatamodeld */; };
		B559D5151FDFFC79001E205E /* Assets.xcassets in Resources */ = {isa = PBXBuildFile; fileRef = B559D5141FDFFC79001E205E /* Assets.xcassets */; };
		B559D5181FDFFC79001E205E /* LaunchScreen.storyboard in Resources */ = {isa = PBXBuildFile; fileRef = B559D5161FDFFC79001E205E /* LaunchScreen.storyboard */; };
		B559D5201FE00D68001E205E /* CategoryTableViewController.swift in Sources */ = {isa = PBXBuildFile; fileRef = B559D51F1FE00D68001E205E /* CategoryTableViewController.swift */; };
		B559D5331FE016B2001E205E /* Categories+CoreDataClass.swift in Sources */ = {isa = PBXBuildFile; fileRef = B559D52D1FE016B2001E205E /* Categories+CoreDataClass.swift */; };
		B559D5341FE016B2001E205E /* Categories+CoreDataProperties.swift in Sources */ = {isa = PBXBuildFile; fileRef = B559D52E1FE016B2001E205E /* Categories+CoreDataProperties.swift */; };
		B559D5351FE016B2001E205E /* Products+CoreDataClass.swift in Sources */ = {isa = PBXBuildFile; fileRef = B559D52F1FE016B2001E205E /* Products+CoreDataClass.swift */; };
		B559D5361FE016B2001E205E /* Products+CoreDataProperties.swift in Sources */ = {isa = PBXBuildFile; fileRef = B559D5301FE016B2001E205E /* Products+CoreDataProperties.swift */; };
		B559D5371FE016B2001E205E /* Variants+CoreDataClass.swift in Sources */ = {isa = PBXBuildFile; fileRef = B559D5311FE016B2001E205E /* Variants+CoreDataClass.swift */; };
		B559D5381FE016B2001E205E /* Variants+CoreDataProperties.swift in Sources */ = {isa = PBXBuildFile; fileRef = B559D5321FE016B2001E205E /* Variants+CoreDataProperties.swift */; };
		B559D53B1FE0209E001E205E /* CoreDataTableViewController.swift in Sources */ = {isa = PBXBuildFile; fileRef = B559D53A1FE0209E001E205E /* CoreDataTableViewController.swift */; };
		B559D53D1FE02364001E205E /* ProductTableViewController.swift in Sources */ = {isa = PBXBuildFile; fileRef = B559D53C1FE02364001E205E /* ProductTableViewController.swift */; };
		B559D53F1FE0256B001E205E /* VariantsTableViewController.swift in Sources */ = {isa = PBXBuildFile; fileRef = B559D53E1FE0256B001E205E /* VariantsTableViewController.swift */; };
		B559D5411FE025C7001E205E /* FinalProductViewController.swift in Sources */ = {isa = PBXBuildFile; fileRef = B559D5401FE025C7001E205E /* FinalProductViewController.swift */; };
		B559D5431FE02DC5001E205E /* CheckReachability.swift in Sources */ = {isa = PBXBuildFile; fileRef = B559D5421FE02DC5001E205E /* CheckReachability.swift */; };
/* End PBXBuildFile section */

/* Begin PBXFileReference section */
		50AE2B13E05CC2B1926ECC4A /* Pods-HeadyTest.release.xcconfig */ = {isa = PBXFileReference; includeInIndex = 1; lastKnownFileType = text.xcconfig; name = "Pods-HeadyTest.release.xcconfig"; path = "Pods/Target Support Files/Pods-HeadyTest/Pods-HeadyTest.release.xcconfig"; sourceTree = "<group>"; };
		90AB0DADA1DE5773F56305AD /* Pods-HeadyTest.debug.xcconfig */ = {isa = PBXFileReference; includeInIndex = 1; lastKnownFileType = text.xcconfig; name = "Pods-HeadyTest.debug.xcconfig"; path = "Pods/Target Support Files/Pods-HeadyTest/Pods-HeadyTest.debug.xcconfig"; sourceTree = "<group>"; };
		B559D5071FDFFC79001E205E /* HeadyTest.app */ = {isa = PBXFileReference; explicitFileType = wrapper.application; includeInIndex = 0; path = HeadyTest.app; sourceTree = BUILT_PRODUCTS_DIR; };
		B559D50A1FDFFC79001E205E /* AppDelegate.swift */ = {isa = PBXFileReference; lastKnownFileType = sourcecode.swift; path = AppDelegate.swift; sourceTree = "<group>"; };
		B559D50C1FDFFC79001E205E /* WelcomeViewController.swift */ = {isa = PBXFileReference; lastKnownFileType = sourcecode.swift; path = WelcomeViewController.swift; sourceTree = "<group>"; };
		B559D50F1FDFFC79001E205E /* Base */ = {isa = PBXFileReference; lastKnownFileType = file.storyboard; name = Base; path = Base.lproj/Main.storyboard; sourceTree = "<group>"; };
		B559D5121FDFFC79001E205E /* HeadyTest.xcdatamodel */ = {isa = PBXFileReference; lastKnownFileType = wrapper.xcdatamodel; path = HeadyTest.xcdatamodel; sourceTree = "<group>"; };
		B559D5141FDFFC79001E205E /* Assets.xcassets */ = {isa = PBXFileReference; lastKnownFileType = folder.assetcatalog; path = Assets.xcassets; sourceTree = "<group>"; };
		B559D5171FDFFC79001E205E /* Base */ = {isa = PBXFileReference; lastKnownFileType = file.storyboard; name = Base; path = Base.lproj/LaunchScreen.storyboard; sourceTree = "<group>"; };
		B559D5191FDFFC79001E205E /* Info.plist */ = {isa = PBXFileReference; lastKnownFileType = text.plist.xml; path = Info.plist; sourceTree = "<group>"; };
		B559D51F1FE00D68001E205E /* CategoryTableViewController.swift */ = {isa = PBXFileReference; lastKnownFileType = sourcecode.swift; path = CategoryTableViewController.swift; sourceTree = "<group>"; };
		B559D52D1FE016B2001E205E /* Categories+CoreDataClass.swift */ = {isa = PBXFileReference; lastKnownFileType = sourcecode.swift; path = "Categories+CoreDataClass.swift"; sourceTree = "<group>"; };
		B559D52E1FE016B2001E205E /* Categories+CoreDataProperties.swift */ = {isa = PBXFileReference; lastKnownFileType = sourcecode.swift; path = "Categories+CoreDataProperties.swift"; sourceTree = "<group>"; };
		B559D52F1FE016B2001E205E /* Products+CoreDataClass.swift */ = {isa = PBXFileReference; lastKnownFileType = sourcecode.swift; path = "Products+CoreDataClass.swift"; sourceTree = "<group>"; };
		B559D5301FE016B2001E205E /* Products+CoreDataProperties.swift */ = {isa = PBXFileReference; lastKnownFileType = sourcecode.swift; path = "Products+CoreDataProperties.swift"; sourceTree = "<group>"; };
		B559D5311FE016B2001E205E /* Variants+CoreDataClass.swift */ = {isa = PBXFileReference; lastKnownFileType = sourcecode.swift; path = "Variants+CoreDataClass.swift"; sourceTree = "<group>"; };
		B559D5321FE016B2001E205E /* Variants+CoreDataProperties.swift */ = {isa = PBXFileReference; lastKnownFileType = sourcecode.swift; path = "Variants+CoreDataProperties.swift"; sourceTree = "<group>"; };
		B559D53A1FE0209E001E205E /* CoreDataTableViewController.swift */ = {isa = PBXFileReference; lastKnownFileType = sourcecode.swift; path = CoreDataTableViewController.swift; sourceTree = "<group>"; };
		B559D53C1FE02364001E205E /* ProductTableViewController.swift */ = {isa = PBXFileReference; lastKnownFileType = sourcecode.swift; path = ProductTableViewController.swift; sourceTree = "<group>"; };
		B559D53E1FE0256B001E205E /* VariantsTableViewController.swift */ = {isa = PBXFileReference; lastKnownFileType = sourcecode.swift; path = VariantsTableViewController.swift; sourceTree = "<group>"; };
		B559D5401FE025C7001E205E /* FinalProductViewController.swift */ = {isa = PBXFileReference; lastKnownFileType = sourcecode.swift; path = FinalProductViewController.swift; sourceTree = "<group>"; };
		B559D5421FE02DC5001E205E /* CheckReachability.swift */ = {isa = PBXFileReference; lastKnownFileType = sourcecode.swift; path = CheckReachability.swift; sourceTree = "<group>"; };
		E683EA86EDAD491D5DF52509 /* Pods_HeadyTest.framework */ = {isa = PBXFileReference; explicitFileType = wrapper.framework; includeInIndex = 0; path = Pods_HeadyTest.framework; sourceTree = BUILT_PRODUCTS_DIR; };
/* End PBXFileReference section */

/* Begin PBXFrameworksBuildPhase section */
		B559D5041FDFFC79001E205E /* Frameworks */ = {
			isa = PBXFrameworksBuildPhase;
			buildActionMask = 2147483647;
			files = (
				B4E06890729BA5A7828B6EAF /* Pods_HeadyTest.framework in Frameworks */,
			);
			runOnlyForDeploymentPostprocessing = 0;
		};
/* End PBXFrameworksBuildPhase section */

/* Begin PBXGroup section */
		A3075C4281BA187AED3A6A98 /* Frameworks */ = {
			isa = PBXGroup;
			children = (
				E683EA86EDAD491D5DF52509 /* Pods_HeadyTest.framework */,
			);
			name = Frameworks;
			sourceTree = "<group>";
		};
		A35B5414C875D213467A0B60 /* Pods */ = {
			isa = PBXGroup;
			children = (
				90AB0DADA1DE5773F56305AD /* Pods-HeadyTest.debug.xcconfig */,
				50AE2B13E05CC2B1926ECC4A /* Pods-HeadyTest.release.xcconfig */,
			);
			name = Pods;
			sourceTree = "<group>";
		};
		B559D4FE1FDFFC79001E205E = {
			isa = PBXGroup;
			children = (
				B559D5091FDFFC79001E205E /* HeadyTest */,
				B559D5081FDFFC79001E205E /* Products */,
				A35B5414C875D213467A0B60 /* Pods */,
				A3075C4281BA187AED3A6A98 /* Frameworks */,
			);
			sourceTree = "<group>";
		};
		B559D5081FDFFC79001E205E /* Products */ = {
			isa = PBXGroup;
			children = (
				B559D5071FDFFC79001E205E /* HeadyTest.app */,
			);
			name = Products;
			sourceTree = "<group>";
		};
		B559D5091FDFFC79001E205E /* HeadyTest */ = {
			isa = PBXGroup;
			children = (
				B559D50A1FDFFC79001E205E /* AppDelegate.swift */,
				B559D5391FE016BD001E205E /* Model */,
				B559D5441FE02DED001E205E /* Controllers */,
				B559D50E1FDFFC79001E205E /* Main.storyboard */,
				B559D5141FDFFC79001E205E /* Assets.xcassets */,
				B559D5161FDFFC79001E205E /* LaunchScreen.storyboard */,
				B559D5191FDFFC79001E205E /* Info.plist */,
				B559D5111FDFFC79001E205E /* HeadyTest.xcdatamodeld */,
			);
			path = HeadyTest;
			sourceTree = "<group>";
		};
		B559D5391FE016BD001E205E /* Model */ = {
			isa = PBXGroup;
			children = (
				B559D52D1FE016B2001E205E /* Categories+CoreDataClass.swift */,
				B559D52E1FE016B2001E205E /* Categories+CoreDataProperties.swift */,
				B559D52F1FE016B2001E205E /* Products+CoreDataClass.swift */,
				B559D5301FE016B2001E205E /* Products+CoreDataProperties.swift */,
				B559D5311FE016B2001E205E /* Variants+CoreDataClass.swift */,
				B559D5321FE016B2001E205E /* Variants+CoreDataProperties.swift */,
				B559D5421FE02DC5001E205E /* CheckReachability.swift */,
			);
			path = Model;
			sourceTree = "<group>";
		};
		B559D5441FE02DED001E205E /* Controllers */ = {
			isa = PBXGroup;
			children = (
				B559D50C1FDFFC79001E205E /* WelcomeViewController.swift */,
				B559D53A1FE0209E001E205E /* CoreDataTableViewController.swift */,
				B559D51F1FE00D68001E205E /* CategoryTableViewController.swift */,
				B559D53C1FE02364001E205E /* ProductTableViewController.swift */,
				B559D53E1FE0256B001E205E /* VariantsTableViewController.swift */,
				B559D5401FE025C7001E205E /* FinalProductViewController.swift */,
			);
			path = Controllers;
			sourceTree = "<group>";
		};
/* End PBXGroup section */

/* Begin PBXNativeTarget section */
		B559D5061FDFFC79001E205E /* HeadyTest */ = {
			isa = PBXNativeTarget;
			buildConfigurationList = B559D51C1FDFFC79001E205E /* Build configuration list for PBXNativeTarget "HeadyTest" */;
			buildPhases = (
				1FC73E3DD4D8B229201438E7 /* [CP] Check Pods Manifest.lock */,
				B559D5031FDFFC79001E205E /* Sources */,
				B559D5041FDFFC79001E205E /* Frameworks */,
				B559D5051FDFFC79001E205E /* Resources */,
				212DE548289D3794B04CC550 /* [CP] Embed Pods Frameworks */,
				9A9D02A1BBD7A23B72054965 /* [CP] Copy Pods Resources */,
			);
			buildRules = (
			);
			dependencies = (
			);
			name = HeadyTest;
			productName = HeadyTest;
			productReference = B559D5071FDFFC79001E205E /* HeadyTest.app */;
			productType = "com.apple.product-type.application";
		};
/* End PBXNativeTarget section */

/* Begin PBXProject section */
		B559D4FF1FDFFC79001E205E /* Project object */ = {
			isa = PBXProject;
			attributes = {
				LastSwiftUpdateCheck = 0920;
				LastUpgradeCheck = 0920;
				ORGANIZATIONNAME = "Nilanshu Jaiswal";
				TargetAttributes = {
					B559D5061FDFFC79001E205E = {
						CreatedOnToolsVersion = 9.2;
						ProvisioningStyle = Automatic;
					};
				};
			};
			buildConfigurationList = B559D5021FDFFC79001E205E /* Build configuration list for PBXProject "HeadyTest" */;
			compatibilityVersion = "Xcode 8.0";
			developmentRegion = en;
			hasScannedForEncodings = 0;
			knownRegions = (
				en,
				Base,
			);
			mainGroup = B559D4FE1FDFFC79001E205E;
			productRefGroup = B559D5081FDFFC79001E205E /* Products */;
			projectDirPath = "";
			projectRoot = "";
			targets = (
				B559D5061FDFFC79001E205E /* HeadyTest */,
			);
		};
/* End PBXProject section */

/* Begin PBXResourcesBuildPhase section */
		B559D5051FDFFC79001E205E /* Resources */ = {
			isa = PBXResourcesBuildPhase;
			buildActionMask = 2147483647;
			files = (
				B559D5181FDFFC79001E205E /* LaunchScreen.storyboard in Resources */,
				B559D5151FDFFC79001E205E /* Assets.xcassets in Resources */,
				B559D5101FDFFC79001E205E /* Main.storyboard in Resources */,
			);
			runOnlyForDeploymentPostprocessing = 0;
		};
/* End PBXResourcesBuildPhase section */

/* Begin PBXShellScriptBuildPhase section */
		1FC73E3DD4D8B229201438E7 /* [CP] Check Pods Manifest.lock */ = {
			isa = PBXShellScriptBuildPhase;
			buildActionMask = 2147483647;
			files = (
			);
			inputPaths = (
				"${PODS_PODFILE_DIR_PATH}/Podfile.lock",
				"${PODS_ROOT}/Manifest.lock",
			);
			name = "[CP] Check Pods Manifest.lock";
			outputPaths = (
				"$(DERIVED_FILE_DIR)/Pods-HeadyTest-checkManifestLockResult.txt",
			);
			runOnlyForDeploymentPostprocessing = 0;
			shellPath = /bin/sh;
			shellScript = "diff \"${PODS_PODFILE_DIR_PATH}/Podfile.lock\" \"${PODS_ROOT}/Manifest.lock\" > /dev/null\nif [ $? != 0 ] ; then\n    # print error to STDERR\n    echo \"error: The sandbox is not in sync with the Podfile.lock. Run 'pod install' or update your CocoaPods installation.\" >&2\n    exit 1\nfi\n# This output is used by Xcode 'outputs' to avoid re-running this script phase.\necho \"SUCCESS\" > \"${SCRIPT_OUTPUT_FILE_0}\"\n";
			showEnvVarsInLog = 0;
		};
		212DE548289D3794B04CC550 /* [CP] Embed Pods Frameworks */ = {
			isa = PBXShellScriptBuildPhase;
			buildActionMask = 2147483647;
			files = (
			);
			inputPaths = (
				"${SRCROOT}/Pods/Target Support Files/Pods-HeadyTest/Pods-HeadyTest-frameworks.sh",
				"${BUILT_PRODUCTS_DIR}/Alamofire/Alamofire.framework",
				"${BUILT_PRODUCTS_DIR}/SwiftyJSON/SwiftyJSON.framework",
			);
			name = "[CP] Embed Pods Frameworks";
			outputPaths = (
				"${TARGET_BUILD_DIR}/${FRAMEWORKS_FOLDER_PATH}/Alamofire.framework",
				"${TARGET_BUILD_DIR}/${FRAMEWORKS_FOLDER_PATH}/SwiftyJSON.framework",
			);
			runOnlyForDeploymentPostprocessing = 0;
			shellPath = /bin/sh;
			shellScript = "\"${SRCROOT}/Pods/Target Support Files/Pods-HeadyTest/Pods-HeadyTest-frameworks.sh\"\n";
			showEnvVarsInLog = 0;
		};
		9A9D02A1BBD7A23B72054965 /* [CP] Copy Pods Resources */ = {
			isa = PBXShellScriptBuildPhase;
			buildActionMask = 2147483647;
			files = (
			);
			inputPaths = (
			);
			name = "[CP] Copy Pods Resources";
			outputPaths = (
			);
			runOnlyForDeploymentPostprocessing = 0;
			shellPath = /bin/sh;
			shellScript = "\"${SRCROOT}/Pods/Target Support Files/Pods-HeadyTest/Pods-HeadyTest-resources.sh\"\n";
			showEnvVarsInLog = 0;
		};
/* End PBXShellScriptBuildPhase section */

/* Begin PBXSourcesBuildPhase section */
		B559D5031FDFFC79001E205E /* Sources */ = {
			isa = PBXSourcesBuildPhase;
			buildActionMask = 2147483647;
			files = (
				B559D5411FE025C7001E205E /* FinalProductViewController.swift in Sources */,
				B559D5431FE02DC5001E205E /* CheckReachability.swift in Sources */,
				B559D5331FE016B2001E205E /* Categories+CoreDataClass.swift in Sources */,
				B559D53F1FE0256B001E205E /* VariantsTableViewController.swift in Sources */,
				B559D5381FE016B2001E205E /* Variants+CoreDataProperties.swift in Sources */,
				B559D5361FE016B2001E205E /* Products+CoreDataProperties.swift in Sources */,
				B559D5341FE016B2001E205E /* Categories+CoreDataProperties.swift in Sources */,
				B559D5351FE016B2001E205E /* Products+CoreDataClass.swift in Sources */,
				B559D5371FE016B2001E205E /* Variants+CoreDataClass.swift in Sources */,
				B559D50D1FDFFC79001E205E /* WelcomeViewController.swift in Sources */,
				B559D5131FDFFC79001E205E /* HeadyTest.xcdatamodeld in Sources */,
				B559D50B1FDFFC79001E205E /* AppDelegate.swift in Sources */,
				B559D5201FE00D68001E205E /* CategoryTableViewController.swift in Sources */,
				B559D53D1FE02364001E205E /* ProductTableViewController.swift in Sources */,
				B559D53B1FE0209E001E205E /* CoreDataTableViewController.swift in Sources */,
			);
			runOnlyForDeploymentPostprocessing = 0;
		};
/* End PBXSourcesBuildPhase section */

/* Begin PBXVariantGroup section */
		B559D50E1FDFFC79001E205E /* Main.storyboard */ = {
			isa = PBXVariantGroup;
			children = (
				B559D50F1FDFFC79001E205E /* Base */,
			);
			name = Main.storyboard;
			sourceTree = "<group>";
		};
		B559D5161FDFFC79001E205E /* LaunchScreen.storyboard */ = {
			isa = PBXVariantGroup;
			children = (
				B559D5171FDFFC79001E205E /* Base */,
			);
			name = LaunchScreen.storyboard;
			sourceTree = "<group>";
		};
/* End PBXVariantGroup section */

/* Begin XCBuildConfiguration section */
		B559D51A1FDFFC79001E205E /* Debug */ = {
			isa = XCBuildConfiguration;
			buildSettings = {
				ALWAYS_SEARCH_USER_PATHS = NO;
				CLANG_ANALYZER_NONNULL = YES;
				CLANG_ANALYZER_NUMBER_OBJECT_CONVERSION = YES_AGGRESSIVE;
				CLANG_CXX_LANGUAGE_STANDARD = "gnu++14";
				CLANG_CXX_LIBRARY = "libc++";
				CLANG_ENABLE_MODULES = YES;
				CLANG_ENABLE_OBJC_ARC = YES;
				CLANG_WARN_BLOCK_CAPTURE_AUTORELEASING = YES;
				CLANG_WARN_BOOL_CONVERSION = YES;
				CLANG_WARN_COMMA = YES;
				CLANG_WARN_CONSTANT_CONVERSION = YES;
				CLANG_WARN_DIRECT_OBJC_ISA_USAGE = YES_ERROR;
				CLANG_WARN_DOCUMENTATION_COMMENTS = YES;
				CLANG_WARN_EMPTY_BODY = YES;
				CLANG_WARN_ENUM_CONVERSION = YES;
				CLANG_WARN_INFINITE_RECURSION = YES;
				CLANG_WARN_INT_CONVERSION = YES;
				CLANG_WARN_NON_LITERAL_NULL_CONVERSION = YES;
				CLANG_WARN_OBJC_LITERAL_CONVERSION = YES;
				CLANG_WARN_OBJC_ROOT_CLASS = YES_ERROR;
				CLANG_WARN_RANGE_LOOP_ANALYSIS = YES;
				CLANG_WARN_STRICT_PROTOTYPES = YES;
				CLANG_WARN_SUSPICIOUS_MOVE = YES;
				CLANG_WARN_UNGUARDED_AVAILABILITY = YES_AGGRESSIVE;
				CLANG_WARN_UNREACHABLE_CODE = YES;
				CLANG_WARN__DUPLICATE_METHOD_MATCH = YES;
				CODE_SIGN_IDENTITY = "iPhone Developer";
				COPY_PHASE_STRIP = NO;
				DEBUG_INFORMATION_FORMAT = dwarf;
				ENABLE_STRICT_OBJC_MSGSEND = YES;
				ENABLE_TESTABILITY = YES;
				GCC_C_LANGUAGE_STANDARD = gnu11;
				GCC_DYNAMIC_NO_PIC = NO;
				GCC_NO_COMMON_BLOCKS = YES;
				GCC_OPTIMIZATION_LEVEL = 0;
				GCC_PREPROCESSOR_DEFINITIONS = (
					"DEBUG=1",
					"$(inherited)",
				);
				GCC_WARN_64_TO_32_BIT_CONVERSION = YES;
				GCC_WARN_ABOUT_RETURN_TYPE = YES_ERROR;
				GCC_WARN_UNDECLARED_SELECTOR = YES;
				GCC_WARN_UNINITIALIZED_AUTOS = YES_AGGRESSIVE;
				GCC_WARN_UNUSED_FUNCTION = YES;
				GCC_WARN_UNUSED_VARIABLE = YES;
				IPHONEOS_DEPLOYMENT_TARGET = 11.2;
				MTL_ENABLE_DEBUG_INFO = YES;
				ONLY_ACTIVE_ARCH = YES;
				SDKROOT = iphoneos;
				SWIFT_ACTIVE_COMPILATION_CONDITIONS = DEBUG;
				SWIFT_OPTIMIZATION_LEVEL = "-Onone";
			};
			name = Debug;
		};
		B559D51B1FDFFC79001E205E /* Release */ = {
			isa = XCBuildConfiguration;
			buildSettings = {
				ALWAYS_SEARCH_USER_PATHS = NO;
				CLANG_ANALYZER_NONNULL = YES;
				CLANG_ANALYZER_NUMBER_OBJECT_CONVERSION = YES_AGGRESSIVE;
				CLANG_CXX_LANGUAGE_STANDARD = "gnu++14";
				CLANG_CXX_LIBRARY = "libc++";
				CLANG_ENABLE_MODULES = YES;
				CLANG_ENABLE_OBJC_ARC = YES;
				CLANG_WARN_BLOCK_CAPTURE_AUTORELEASING = YES;
				CLANG_WARN_BOOL_CONVERSION = YES;
				CLANG_WARN_COMMA = YES;
				CLANG_WARN_CONSTANT_CONVERSION = YES;
				CLANG_WARN_DIRECT_OBJC_ISA_USAGE = YES_ERROR;
				CLANG_WARN_DOCUMENTATION_COMMENTS = YES;
				CLANG_WARN_EMPTY_BODY = YES;
				CLANG_WARN_ENUM_CONVERSION = YES;
				CLANG_WARN_INFINITE_RECURSION = YES;
				CLANG_WARN_INT_CONVERSION = YES;
				CLANG_WARN_NON_LITERAL_NULL_CONVERSION = YES;
				CLANG_WARN_OBJC_LITERAL_CONVERSION = YES;
				CLANG_WARN_OBJC_ROOT_CLASS = YES_ERROR;
				CLANG_WARN_RANGE_LOOP_ANALYSIS = YES;
				CLANG_WARN_STRICT_PROTOTYPES = YES;
				CLANG_WARN_SUSPICIOUS_MOVE = YES;
				CLANG_WARN_UNGUARDED_AVAILABILITY = YES_AGGRESSIVE;
				CLANG_WARN_UNREACHABLE_CODE = YES;
				CLANG_WARN__DUPLICATE_METHOD_MATCH = YES;
				CODE_SIGN_IDENTITY = "iPhone Developer";
				COPY_PHASE_STRIP = NO;
				DEBUG_INFORMATION_FORMAT = "dwarf-with-dsym";
				ENABLE_NS_ASSERTIONS = NO;
				ENABLE_STRICT_OBJC_MSGSEND = YES;
				GCC_C_LANGUAGE_STANDARD = gnu11;
				GCC_NO_COMMON_BLOCKS = YES;
				GCC_WARN_64_TO_32_BIT_CONVERSION = YES;
				GCC_WARN_ABOUT_RETURN_TYPE = YES_ERROR;
				GCC_WARN_UNDECLARED_SELECTOR = YES;
				GCC_WARN_UNINITIALIZED_AUTOS = YES_AGGRESSIVE;
				GCC_WARN_UNUSED_FUNCTION = YES;
				GCC_WARN_UNUSED_VARIABLE = YES;
				IPHONEOS_DEPLOYMENT_TARGET = 11.2;
				MTL_ENABLE_DEBUG_INFO = NO;
				SDKROOT = iphoneos;
				SWIFT_OPTIMIZATION_LEVEL = "-Owholemodule";
				VALIDATE_PRODUCT = YES;
			};
			name = Release;
		};
		B559D51D1FDFFC79001E205E /* Debug */ = {
			isa = XCBuildConfiguration;
			baseConfigurationReference = 90AB0DADA1DE5773F56305AD /* Pods-HeadyTest.debug.xcconfig */;
			buildSettings = {
				ASSETCATALOG_COMPILER_APPICON_NAME = AppIcon;
				CODE_SIGN_STYLE = Automatic;
				INFOPLIST_FILE = HeadyTest/Info.plist;
				LD_RUNPATH_SEARCH_PATHS = "$(inherited) @executable_path/Frameworks";
				PRODUCT_BUNDLE_IDENTIFIER = com.example.HeadyTest;
				PRODUCT_NAME = "$(TARGET_NAME)";
				SWIFT_VERSION = 4.0;
				TARGETED_DEVICE_FAMILY = "1,2";
			};
			name = Debug;
		};
		B559D51E1FDFFC79001E205E /* Release */ = {
			isa = XCBuildConfiguration;
			baseConfigurationReference = 50AE2B13E05CC2B1926ECC4A /* Pods-HeadyTest.release.xcconfig */;
			buildSettings = {
				ASSETCATALOG_COMPILER_APPICON_NAME = AppIcon;
				CODE_SIGN_STYLE = Automatic;
				INFOPLIST_FILE = HeadyTest/Info.plist;
				LD_RUNPATH_SEARCH_PATHS = "$(inherited) @executable_path/Frameworks";
				PRODUCT_BUNDLE_IDENTIFIER = com.example.HeadyTest;
				PRODUCT_NAME = "$(TARGET_NAME)";
				SWIFT_VERSION = 4.0;
				TARGETED_DEVICE_FAMILY = "1,2";
			};
			name = Release;
		};
/* End XCBuildConfiguration section */

/* Begin XCConfigurationList section */
		B559D5021FDFFC79001E205E /* Build configuration list for PBXProject "HeadyTest" */ = {
			isa = XCConfigurationList;
			buildConfigurations = (
				B559D51A1FDFFC79001E205E /* Debug */,
				B559D51B1FDFFC79001E205E /* Release */,
			);
			defaultConfigurationIsVisible = 0;
			defaultConfigurationName = Release;
		};
		B559D51C1FDFFC79001E205E /* Build configuration list for PBXNativeTarget "HeadyTest" */ = {
			isa = XCConfigurationList;
			buildConfigurations = (
				B559D51D1FDFFC79001E205E /* Debug */,
				B559D51E1FDFFC79001E205E /* Release */,
			);
			defaultConfigurationIsVisible = 0;
			defaultConfigurationName = Release;
		};
/* End XCConfigurationList section */

/* Begin XCVersionGroup section */
		B559D5111FDFFC79001E205E /* HeadyTest.xcdatamodeld */ = {
			isa = XCVersionGroup;
			children = (
				B559D5121FDFFC79001E205E /* HeadyTest.xcdatamodel */,
			);
			currentVersion = B559D5121FDFFC79001E205E /* HeadyTest.xcdatamodel */;
			path = HeadyTest.xcdatamodeld;
			sourceTree = "<group>";
			versionGroupType = wrapper.xcdatamodel;
		};
/* End XCVersionGroup section */
	};
	rootObject = B559D4FF1FDFFC79001E205E /* Project object */;
}
